
Microsoft Visual Studio Solution File, Format Version 12.00
# Visual Studio Version 17
VisualStudioVersion = 17.0.31903.59
MinimumVisualStudioVersion = 10.0.40219.1
Project("{2150E333-8FDC-42A3-9474-1A3956D46DE8}") = "src", "src", "{827E0CD3-B72D-47B6-A68D-7590B98EB39B}"
EndProject
Project("{FAE04EC0-301F-11D3-BF4B-00C04F79EFBC}") = "Domain", "src\Domain\Domain.csproj", "{C303DA64-8285-426F-8C63-D171E09429B9}"
EndProject
Project("{2150E333-8FDC-42A3-9474-1A3956D46DE8}") = "tests", "tests", "{0AB3BF05-4346-4AA6-1389-037BE0695223}"
EndProject
Project("{FAE04EC0-301F-11D3-BF4B-00C04F79EFBC}") = "DataAccess", "src\DataAccess\DataAccess.csproj", "{8853A045-0E70-425D-8EBE-2AB1D2E8D92B}"
EndProject
Project("{FAE04EC0-301F-11D3-BF4B-00C04F79EFBC}") = "UserInterface", "src\UserInterface\UserInterface.csproj", "{2EF5F2FE-6A5B-4C5A-87EA-DEACE4A39A5C}"
EndProject
Project("{FAE04EC0-301F-11D3-BF4B-00C04F79EFBC}") = "DataAccess.Tests", "tests\DataAccess.Tests\DataAccess.Tests.csproj", "{6214A0BC-2214-4256-8EE3-A1A77ECAA689}"
EndProject
Project("{FAE04EC0-301F-11D3-BF4B-00C04F79EFBC}") = "Domain.Tests", "tests\Domain.Tests\Domain.Tests.csproj", "{33883C30-ECE7-40B2-96E4-21850F0053A6}"
EndProject
Project("{FAE04EC0-301F-11D3-BF4B-00C04F79EFBC}") = "Research", "Research\Research.csproj", "{8B9B580E-AD94-44EC-A9CB-CD660872A067}"
EndProject
Project("{FAE04EC0-301F-11D3-BF4B-00C04F79EFBC}") = "WebApi", "src\WebApi\WebApi.csproj", "{D8A9F00F-05BC-448F-B3AE-0A4887BC66C6}"
EndProject
Global
	GlobalSection(SolutionConfigurationPlatforms) = preSolution
		Debug|Any CPU = Debug|Any CPU
		Debug|x64 = Debug|x64
		Debug|x86 = Debug|x86
		Release|Any CPU = Release|Any CPU
		Release|x64 = Release|x64
		Release|x86 = Release|x86
	EndGlobalSection
	GlobalSection(ProjectConfigurationPlatforms) = postSolution
		{C303DA64-8285-426F-8C63-D171E09429B9}.Debug|Any CPU.ActiveCfg = Debug|Any CPU
		{C303DA64-8285-426F-8C63-D171E09429B9}.Debug|Any CPU.Build.0 = Debug|Any CPU
		{C303DA64-8285-426F-8C63-D171E09429B9}.Debug|x64.ActiveCfg = Debug|Any CPU
		{C303DA64-8285-426F-8C63-D171E09429B9}.Debug|x64.Build.0 = Debug|Any CPU
		{C303DA64-8285-426F-8C63-D171E09429B9}.Debug|x86.ActiveCfg = Debug|Any CPU
		{C303DA64-8285-426F-8C63-D171E09429B9}.Debug|x86.Build.0 = Debug|Any CPU
		{C303DA64-8285-426F-8C63-D171E09429B9}.Release|Any CPU.ActiveCfg = Release|Any CPU
		{C303DA64-8285-426F-8C63-D171E09429B9}.Release|Any CPU.Build.0 = Release|Any CPU
		{C303DA64-8285-426F-8C63-D171E09429B9}.Release|x64.ActiveCfg = Release|Any CPU
		{C303DA64-8285-426F-8C63-D171E09429B9}.Release|x64.Build.0 = Release|Any CPU
		{C303DA64-8285-426F-8C63-D171E09429B9}.Release|x86.ActiveCfg = Release|Any CPU
		{C303DA64-8285-426F-8C63-D171E09429B9}.Release|x86.Build.0 = Release|Any CPU
		{8853A045-0E70-425D-8EBE-2AB1D2E8D92B}.Debug|Any CPU.ActiveCfg = Debug|Any CPU
		{8853A045-0E70-425D-8EBE-2AB1D2E8D92B}.Debug|Any CPU.Build.0 = Debug|Any CPU
		{8853A045-0E70-425D-8EBE-2AB1D2E8D92B}.Debug|x64.ActiveCfg = Debug|Any CPU
		{8853A045-0E70-425D-8EBE-2AB1D2E8D92B}.Debug|x64.Build.0 = Debug|Any CPU
		{8853A045-0E70-425D-8EBE-2AB1D2E8D92B}.Debug|x86.ActiveCfg = Debug|Any CPU
		{8853A045-0E70-425D-8EBE-2AB1D2E8D92B}.Debug|x86.Build.0 = Debug|Any CPU
		{8853A045-0E70-425D-8EBE-2AB1D2E8D92B}.Release|Any CPU.ActiveCfg = Release|Any CPU
		{8853A045-0E70-425D-8EBE-2AB1D2E8D92B}.Release|Any CPU.Build.0 = Release|Any CPU
		{8853A045-0E70-425D-8EBE-2AB1D2E8D92B}.Release|x64.ActiveCfg = Release|Any CPU
		{8853A045-0E70-425D-8EBE-2AB1D2E8D92B}.Release|x64.Build.0 = Release|Any CPU
		{8853A045-0E70-425D-8EBE-2AB1D2E8D92B}.Release|x86.ActiveCfg = Release|Any CPU
		{8853A045-0E70-425D-8EBE-2AB1D2E8D92B}.Release|x86.Build.0 = Release|Any CPU
		{2EF5F2FE-6A5B-4C5A-87EA-DEACE4A39A5C}.Debug|Any CPU.ActiveCfg = Debug|Any CPU
		{2EF5F2FE-6A5B-4C5A-87EA-DEACE4A39A5C}.Debug|Any CPU.Build.0 = Debug|Any CPU
		{2EF5F2FE-6A5B-4C5A-87EA-DEACE4A39A5C}.Debug|x64.ActiveCfg = Debug|Any CPU
		{2EF5F2FE-6A5B-4C5A-87EA-DEACE4A39A5C}.Debug|x64.Build.0 = Debug|Any CPU
		{2EF5F2FE-6A5B-4C5A-87EA-DEACE4A39A5C}.Debug|x86.ActiveCfg = Debug|Any CPU
		{2EF5F2FE-6A5B-4C5A-87EA-DEACE4A39A5C}.Debug|x86.Build.0 = Debug|Any CPU
		{2EF5F2FE-6A5B-4C5A-87EA-DEACE4A39A5C}.Release|Any CPU.ActiveCfg = Release|Any CPU
		{2EF5F2FE-6A5B-4C5A-87EA-DEACE4A39A5C}.Release|Any CPU.Build.0 = Release|Any CPU
		{2EF5F2FE-6A5B-4C5A-87EA-DEACE4A39A5C}.Release|x64.ActiveCfg = Release|Any CPU
		{2EF5F2FE-6A5B-4C5A-87EA-DEACE4A39A5C}.Release|x64.Build.0 = Release|Any CPU
		{2EF5F2FE-6A5B-4C5A-87EA-DEACE4A39A5C}.Release|x86.ActiveCfg = Release|Any CPU
		{2EF5F2FE-6A5B-4C5A-87EA-DEACE4A39A5C}.Release|x86.Build.0 = Release|Any CPU
		{6214A0BC-2214-4256-8EE3-A1A77ECAA689}.Debug|Any CPU.ActiveCfg = Debug|Any CPU
		{6214A0BC-2214-4256-8EE3-A1A77ECAA689}.Debug|Any CPU.Build.0 = Debug|Any CPU
		{6214A0BC-2214-4256-8EE3-A1A77ECAA689}.Debug|x64.ActiveCfg = Debug|Any CPU
		{6214A0BC-2214-4256-8EE3-A1A77ECAA689}.Debug|x64.Build.0 = Debug|Any CPU
		{6214A0BC-2214-4256-8EE3-A1A77ECAA689}.Debug|x86.ActiveCfg = Debug|Any CPU
		{6214A0BC-2214-4256-8EE3-A1A77ECAA689}.Debug|x86.Build.0 = Debug|Any CPU
		{6214A0BC-2214-4256-8EE3-A1A77ECAA689}.Release|Any CPU.ActiveCfg = Release|Any CPU
		{6214A0BC-2214-4256-8EE3-A1A77ECAA689}.Release|Any CPU.Build.0 = Release|Any CPU
		{6214A0BC-2214-4256-8EE3-A1A77ECAA689}.Release|x64.ActiveCfg = Release|Any CPU
		{6214A0BC-2214-4256-8EE3-A1A77ECAA689}.Release|x64.Build.0 = Release|Any CPU
		{6214A0BC-2214-4256-8EE3-A1A77ECAA689}.Release|x86.ActiveCfg = Release|Any CPU
		{6214A0BC-2214-4256-8EE3-A1A77ECAA689}.Release|x86.Build.0 = Release|Any CPU
		{33883C30-ECE7-40B2-96E4-21850F0053A6}.Debug|Any CPU.ActiveCfg = Debug|Any CPU
		{33883C30-ECE7-40B2-96E4-21850F0053A6}.Debug|Any CPU.Build.0 = Debug|Any CPU
		{33883C30-ECE7-40B2-96E4-21850F0053A6}.Debug|x64.ActiveCfg = Debug|Any CPU
		{33883C30-ECE7-40B2-96E4-21850F0053A6}.Debug|x64.Build.0 = Debug|Any CPU
		{33883C30-ECE7-40B2-96E4-21850F0053A6}.Debug|x86.ActiveCfg = Debug|Any CPU
		{33883C30-ECE7-40B2-96E4-21850F0053A6}.Debug|x86.Build.0 = Debug|Any CPU
		{33883C30-ECE7-40B2-96E4-21850F0053A6}.Release|Any CPU.ActiveCfg = Release|Any CPU
		{33883C30-ECE7-40B2-96E4-21850F0053A6}.Release|Any CPU.Build.0 = Release|Any CPU
		{33883C30-ECE7-40B2-96E4-21850F0053A6}.Release|x64.ActiveCfg = Release|Any CPU
		{33883C30-ECE7-40B2-96E4-21850F0053A6}.Release|x64.Build.0 = Release|Any CPU
		{33883C30-ECE7-40B2-96E4-21850F0053A6}.Release|x86.ActiveCfg = Release|Any CPU
		{33883C30-ECE7-40B2-96E4-21850F0053A6}.Release|x86.Build.0 = Release|Any CPU
		{8B9B580E-AD94-44EC-A9CB-CD660872A067}.Debug|Any CPU.ActiveCfg = Debug|Any CPU
		{8B9B580E-AD94-44EC-A9CB-CD660872A067}.Debug|Any CPU.Build.0 = Debug|Any CPU
		{8B9B580E-AD94-44EC-A9CB-CD660872A067}.Debug|x64.ActiveCfg = Debug|Any CPU
		{8B9B580E-AD94-44EC-A9CB-CD660872A067}.Debug|x64.Build.0 = Debug|Any CPU
		{8B9B580E-AD94-44EC-A9CB-CD660872A067}.Debug|x86.ActiveCfg = Debug|Any CPU
		{8B9B580E-AD94-44EC-A9CB-CD660872A067}.Debug|x86.Build.0 = Debug|Any CPU
		{8B9B580E-AD94-44EC-A9CB-CD660872A067}.Release|Any CPU.ActiveCfg = Release|Any CPU
		{8B9B580E-AD94-44EC-A9CB-CD660872A067}.Release|Any CPU.Build.0 = Release|Any CPU
		{8B9B580E-AD94-44EC-A9CB-CD660872A067}.Release|x64.ActiveCfg = Release|Any CPU
		{8B9B580E-AD94-44EC-A9CB-CD660872A067}.Release|x64.Build.0 = Release|Any CPU
		{8B9B580E-AD94-44EC-A9CB-CD660872A067}.Release|x86.ActiveCfg = Release|Any CPU
		{8B9B580E-AD94-44EC-A9CB-CD660872A067}.Release|x86.Build.0 = Release|Any CPU
		{D8A9F00F-05BC-448F-B3AE-0A4887BC66C6}.Debug|Any CPU.ActiveCfg = Debug|Any CPU
		{D8A9F00F-05BC-448F-B3AE-0A4887BC66C6}.Debug|Any CPU.Build.0 = Debug|Any CPU
		{D8A9F00F-05BC-448F-B3AE-0A4887BC66C6}.Debug|x64.ActiveCfg = Debug|Any CPU
		{D8A9F00F-05BC-448F-B3AE-0A4887BC66C6}.Debug|x64.Build.0 = Debug|Any CPU
		{D8A9F00F-05BC-448F-B3AE-0A4887BC66C6}.Debug|x86.ActiveCfg = Debug|Any CPU
		{D8A9F00F-05BC-448F-B3AE-0A4887BC66C6}.Debug|x86.Build.0 = Debug|Any CPU
		{D8A9F00F-05BC-448F-B3AE-0A4887BC66C6}.Release|Any CPU.ActiveCfg = Release|Any CPU
		{D8A9F00F-05BC-448F-B3AE-0A4887BC66C6}.Release|Any CPU.Build.0 = Release|Any CPU
		{D8A9F00F-05BC-448F-B3AE-0A4887BC66C6}.Release|x64.ActiveCfg = Release|Any CPU
		{D8A9F00F-05BC-448F-B3AE-0A4887BC66C6}.Release|x64.Build.0 = Release|Any CPU
		{D8A9F00F-05BC-448F-B3AE-0A4887BC66C6}.Release|x86.ActiveCfg = Release|Any CPU
		{D8A9F00F-05BC-448F-B3AE-0A4887BC66C6}.Release|x86.Build.0 = Release|Any CPU
	EndGlobalSection
	GlobalSection(SolutionProperties) = preSolution
		HideSolutionNode = FALSE
	EndGlobalSection
	GlobalSection(NestedProjects) = preSolution
		{C303DA64-8285-426F-8C63-D171E09429B9} = {827E0CD3-B72D-47B6-A68D-7590B98EB39B}
		{8853A045-0E70-425D-8EBE-2AB1D2E8D92B} = {827E0CD3-B72D-47B6-A68D-7590B98EB39B}
		{2EF5F2FE-6A5B-4C5A-87EA-DEACE4A39A5C} = {827E0CD3-B72D-47B6-A68D-7590B98EB39B}
		{6214A0BC-2214-4256-8EE3-A1A77ECAA689} = {0AB3BF05-4346-4AA6-1389-037BE0695223}
		{33883C30-ECE7-40B2-96E4-21850F0053A6} = {0AB3BF05-4346-4AA6-1389-037BE0695223}
		{D8A9F00F-05BC-448F-B3AE-0A4887BC66C6} = {827E0CD3-B72D-47B6-A68D-7590B98EB39B}
	EndGlobalSection
EndGlobal
